
Microsoft Visual Studio Solution File, Format Version 12.00
# Visual Studio Version 17
VisualStudioVersion = 17.7.34031.279
MinimumVisualStudioVersion = 10.0.40219.1
Project("{C9674DCB-5085-4A16-B785-4C70DD1589BD}") = "PFE_ETL", "PFE_ETL\PFE_ETL.dtproj", "{4AC2521B-DF07-4895-B79E-1AC31D2670BE}"
EndProject
Project("{FAE04EC0-301F-11D3-BF4B-00C04F79EFBC}") = "ConsoleApp1", "ConsoleApp1\ConsoleApp1.csproj", "{9ECD5324-9C29-4F49-8206-D7FF693353AF}"
EndProject
Global
	GlobalSection(SolutionConfigurationPlatforms) = preSolution
		Debug|Any CPU = Debug|Any CPU
		Development|Any CPU = Development|Any CPU
		Release|Any CPU = Release|Any CPU
	EndGlobalSection
	GlobalSection(ProjectConfigurationPlatforms) = postSolution
		{4AC2521B-DF07-4895-B79E-1AC31D2670BE}.Debug|Any CPU.ActiveCfg = Development
		{4AC2521B-DF07-4895-B79E-1AC31D2670BE}.Debug|Any CPU.Build.0 = Development
		{4AC2521B-DF07-4895-B79E-1AC31D2670BE}.Development|Any CPU.ActiveCfg = Development
		{4AC2521B-DF07-4895-B79E-1AC31D2670BE}.Development|Any CPU.Build.0 = Development
		{4AC2521B-DF07-4895-B79E-1AC31D2670BE}.Release|Any CPU.ActiveCfg = Development
		{4AC2521B-DF07-4895-B79E-1AC31D2670BE}.Release|Any CPU.Build.0 = Development
		{9ECD5324-9C29-4F49-8206-D7FF693353AF}.Debug|Any CPU.ActiveCfg = Debug|Any CPU
		{9ECD5324-9C29-4F49-8206-D7FF693353AF}.Debug|Any CPU.Build.0 = Debug|Any CPU
		{9ECD5324-9C29-4F49-8206-D7FF693353AF}.Development|Any CPU.ActiveCfg = Debug|Any CPU
		{9ECD5324-9C29-4F49-8206-D7FF693353AF}.Development|Any CPU.Build.0 = Debug|Any CPU
		{9ECD5324-9C29-4F49-8206-D7FF693353AF}.Release|Any CPU.ActiveCfg = Release|Any CPU
		{9ECD5324-9C29-4F49-8206-D7FF693353AF}.Release|Any CPU.Build.0 = Release|Any CPU
	EndGlobalSection
	GlobalSection(SolutionProperties) = preSolution
		HideSolutionNode = FALSE
	EndGlobalSection
	GlobalSection(ExtensibilityGlobals) = postSolution
		SolutionGuid = {A53A128C-55DF-4C38-8605-DE5BF39D1DF3}
	EndGlobalSection
EndGlobal
